// !$*UTF8*$!
{
	archiveVersion = 1;
	classes = {
	};
	objectVersion = 46;
	objects = {

/* Begin PBXBuildFile section */
		18B5256A168C1FEF00E1CB58 /* MonthTableCell.xib in Resources */ = {isa = PBXBuildFile; fileRef = 18B52569168C1FEF00E1CB58 /* MonthTableCell.xib */; };
		18CAB754168AC7DF000434DD /* UIKit.framework in Frameworks */ = {isa = PBXBuildFile; fileRef = 18CAB753168AC7DF000434DD /* UIKit.framework */; };
		18CAB756168AC7DF000434DD /* Foundation.framework in Frameworks */ = {isa = PBXBuildFile; fileRef = 18CAB755168AC7DF000434DD /* Foundation.framework */; };
		18CAB758168AC7DF000434DD /* CoreGraphics.framework in Frameworks */ = {isa = PBXBuildFile; fileRef = 18CAB757168AC7DF000434DD /* CoreGraphics.framework */; };
		18CAB75E168AC7DF000434DD /* InfoPlist.strings in Resources */ = {isa = PBXBuildFile; fileRef = 18CAB75C168AC7DF000434DD /* InfoPlist.strings */; };
		18CAB760168AC7DF000434DD /* main.m in Sources */ = {isa = PBXBuildFile; fileRef = 18CAB75F168AC7DF000434DD /* main.m */; };
		18CAB764168AC7DF000434DD /* MonthAppDelegate.m in Sources */ = {isa = PBXBuildFile; fileRef = 18CAB763168AC7DF000434DD /* MonthAppDelegate.m */; };
		18CAB767168AC7DF000434DD /* MonthViewController.m in Sources */ = {isa = PBXBuildFile; fileRef = 18CAB766168AC7DF000434DD /* MonthViewController.m */; };
		18CAB76A168AC7DF000434DD /* MonthViewController.xib in Resources */ = {isa = PBXBuildFile; fileRef = 18CAB768168AC7DF000434DD /* MonthViewController.xib */; };
		18CAB773168AC991000434DD /* MonthTableViewController.m in Sources */ = {isa = PBXBuildFile; fileRef = 18CAB771168AC991000434DD /* MonthTableViewController.m */; };
		18CAB774168AC991000434DD /* MonthTableViewController.xib in Resources */ = {isa = PBXBuildFile; fileRef = 18CAB772168AC991000434DD /* MonthTableViewController.xib */; };
		18CAB786168AF618000434DD /* 12.jpg in Resources */ = {isa = PBXBuildFile; fileRef = 18CAB77A168AF618000434DD /* 12.jpg */; };
		18CAB787168AF618000434DD /* 11.jpg in Resources */ = {isa = PBXBuildFile; fileRef = 18CAB77B168AF618000434DD /* 11.jpg */; };
		18CAB788168AF618000434DD /* 10.jpg in Resources */ = {isa = PBXBuildFile; fileRef = 18CAB77C168AF618000434DD /* 10.jpg */; };
		18CAB789168AF618000434DD /* 9.jpg in Resources */ = {isa = PBXBuildFile; fileRef = 18CAB77D168AF618000434DD /* 9.jpg */; };
		18CAB78A168AF618000434DD /* 8.jpg in Resources */ = {isa = PBXBuildFile; fileRef = 18CAB77E168AF618000434DD /* 8.jpg */; };
		18CAB78B168AF618000434DD /* 7.jpg in Resources */ = {isa = PBXBuildFile; fileRef = 18CAB77F168AF618000434DD /* 7.jpg */; };
		18CAB78C168AF618000434DD /* 6.jpg in Resources */ = {isa = PBXBuildFile; fileRef = 18CAB780168AF618000434DD /* 6.jpg */; };
		18CAB78D168AF618000434DD /* 5.jpg in Resources */ = {isa = PBXBuildFile; fileRef = 18CAB781168AF618000434DD /* 5.jpg */; };
		18CAB78E168AF618000434DD /* 4.jpg in Resources */ = {isa = PBXBuildFile; fileRef = 18CAB782168AF618000434DD /* 4.jpg */; };
		18CAB78F168AF618000434DD /* 3.jpg in Resources */ = {isa = PBXBuildFile; fileRef = 18CAB783168AF618000434DD /* 3.jpg */; };
		18CAB790168AF618000434DD /* 1.jpg in Resources */ = {isa = PBXBuildFile; fileRef = 18CAB784168AF618000434DD /* 1.jpg */; };
		18CAB791168AF618000434DD /* 2.jpg in Resources */ = {isa = PBXBuildFile; fileRef = 18CAB785168AF618000434DD /* 2.jpg */; };
/* End PBXBuildFile section */

/* Begin PBXFileReference section */
		18B52569168C1FEF00E1CB58 /* MonthTableCell.xib */ = {isa = PBXFileReference; fileEncoding = 4; lastKnownFileType = file.xib; path = MonthTableCell.xib; sourceTree = "<group>"; };
		18CAB74F168AC7DF000434DD /* Month.app */ = {isa = PBXFileReference; explicitFileType = wrapper.application; includeInIndex = 0; path = Month.app; sourceTree = BUILT_PRODUCTS_DIR; };
		18CAB753168AC7DF000434DD /* UIKit.framework */ = {isa = PBXFileReference; lastKnownFileType = wrapper.framework; name = UIKit.framework; path = System/Library/Frameworks/UIKit.framework; sourceTree = SDKROOT; };
		18CAB755168AC7DF000434DD /* Foundation.framework */ = {isa = PBXFileReference; lastKnownFileType = wrapper.framework; name = Foundation.framework; path = System/Library/Frameworks/Foundation.framework; sourceTree = SDKROOT; };
		18CAB757168AC7DF000434DD /* CoreGraphics.framework */ = {isa = PBXFileReference; lastKnownFileType = wrapper.framework; name = CoreGraphics.framework; path = System/Library/Frameworks/CoreGraphics.framework; sourceTree = SDKROOT; };
		18CAB75B168AC7DF000434DD /* Month-Info.plist */ = {isa = PBXFileReference; lastKnownFileType = text.plist.xml; path = "Month-Info.plist"; sourceTree = "<group>"; };
		18CAB75D168AC7DF000434DD /* en */ = {isa = PBXFileReference; lastKnownFileType = text.plist.strings; name = en; path = en.lproj/InfoPlist.strings; sourceTree = "<group>"; };
		18CAB75F168AC7DF000434DD /* main.m */ = {isa = PBXFileReference; lastKnownFileType = sourcecode.c.objc; path = main.m; sourceTree = "<group>"; };
		18CAB761168AC7DF000434DD /* Month-Prefix.pch */ = {isa = PBXFileReference; lastKnownFileType = sourcecode.c.h; path = "Month-Prefix.pch"; sourceTree = "<group>"; };
		18CAB762168AC7DF000434DD /* MonthAppDelegate.h */ = {isa = PBXFileReference; lastKnownFileType = sourcecode.c.h; path = MonthAppDelegate.h; sourceTree = "<group>"; };
		18CAB763168AC7DF000434DD /* MonthAppDelegate.m */ = {isa = PBXFileReference; lastKnownFileType = sourcecode.c.objc; path = MonthAppDelegate.m; sourceTree = "<group>"; };
		18CAB765168AC7DF000434DD /* MonthViewController.h */ = {isa = PBXFileReference; lastKnownFileType = sourcecode.c.h; path = MonthViewController.h; sourceTree = "<group>"; };
		18CAB766168AC7DF000434DD /* MonthViewController.m */ = {isa = PBXFileReference; lastKnownFileType = sourcecode.c.objc; path = MonthViewController.m; sourceTree = "<group>"; };
		18CAB769168AC7DF000434DD /* en */ = {isa = PBXFileReference; lastKnownFileType = file.xib; name = en; path = en.lproj/MonthViewController.xib; sourceTree = "<group>"; };
		18CAB770168AC991000434DD /* MonthTableViewController.h */ = {isa = PBXFileReference; fileEncoding = 4; lastKnownFileType = sourcecode.c.h; path = MonthTableViewController.h; sourceTree = "<group>"; };
		18CAB771168AC991000434DD /* MonthTableViewController.m */ = {isa = PBXFileReference; fileEncoding = 4; lastKnownFileType = sourcecode.c.objc; path = MonthTableViewController.m; sourceTree = "<group>"; };
		18CAB772168AC991000434DD /* MonthTableViewController.xib */ = {isa = PBXFileReference; fileEncoding = 4; lastKnownFileType = file.xib; path = MonthTableViewController.xib; sourceTree = "<group>"; };
		18CAB77A168AF618000434DD /* 12.jpg */ = {isa = PBXFileReference; lastKnownFileType = image.jpeg; path = 12.jpg; sourceTree = "<group>"; };
		18CAB77B168AF618000434DD /* 11.jpg */ = {isa = PBXFileReference; lastKnownFileType = image.jpeg; path = 11.jpg; sourceTree = "<group>"; };
		18CAB77C168AF618000434DD /* 10.jpg */ = {isa = PBXFileReference; lastKnownFileType = image.jpeg; path = 10.jpg; sourceTree = "<group>"; };
		18CAB77D168AF618000434DD /* 9.jpg */ = {isa = PBXFileReference; lastKnownFileType = image.jpeg; path = 9.jpg; sourceTree = "<group>"; };
		18CAB77E168AF618000434DD /* 8.jpg */ = {isa = PBXFileReference; lastKnownFileType = image.jpeg; path = 8.jpg; sourceTree = "<group>"; };
		18CAB77F168AF618000434DD /* 7.jpg */ = {isa = PBXFileReference; lastKnownFileType = image.jpeg; path = 7.jpg; sourceTree = "<group>"; };
		18CAB780168AF618000434DD /* 6.jpg */ = {isa = PBXFileReference; lastKnownFileType = image.jpeg; path = 6.jpg; sourceTree = "<group>"; };
		18CAB781168AF618000434DD /* 5.jpg */ = {isa = PBXFileReference; lastKnownFileType = image.jpeg; path = 5.jpg; sourceTree = "<group>"; };
		18CAB782168AF618000434DD /* 4.jpg */ = {isa = PBXFileReference; lastKnownFileType = image.jpeg; path = 4.jpg; sourceTree = "<group>"; };
		18CAB783168AF618000434DD /* 3.jpg */ = {isa = PBXFileReference; lastKnownFileType = image.jpeg; path = 3.jpg; sourceTree = "<group>"; };
		18CAB784168AF618000434DD /* 1.jpg */ = {isa = PBXFileReference; lastKnownFileType = image.jpeg; path = 1.jpg; sourceTree = "<group>"; };
		18CAB785168AF618000434DD /* 2.jpg */ = {isa = PBXFileReference; lastKnownFileType = image.jpeg; path = 2.jpg; sourceTree = "<group>"; };
/* End PBXFileReference section */

/* Begin PBXFrameworksBuildPhase section */
		18CAB74C168AC7DF000434DD /* Frameworks */ = {
			isa = PBXFrameworksBuildPhase;
			buildActionMask = 2147483647;
			files = (
				18CAB754168AC7DF000434DD /* UIKit.framework in Frameworks */,
				18CAB756168AC7DF000434DD /* Foundation.framework in Frameworks */,
				18CAB758168AC7DF000434DD /* CoreGraphics.framework in Frameworks */,
			);
			runOnlyForDeploymentPostprocessing = 0;
		};
/* End PBXFrameworksBuildPhase section */

/* Begin PBXGroup section */
		18CAB744168AC7DF000434DD = {
			isa = PBXGroup;
			children = (
				18CAB759168AC7DF000434DD /* Month */,
				18CAB752168AC7DF000434DD /* Frameworks */,
				18CAB750168AC7DF000434DD /* Products */,
			);
			sourceTree = "<group>";
		};
		18CAB750168AC7DF000434DD /* Products */ = {
			isa = PBXGroup;
			children = (
				18CAB74F168AC7DF000434DD /* Month.app */,
			);
			name = Products;
			sourceTree = "<group>";
		};
		18CAB752168AC7DF000434DD /* Frameworks */ = {
			isa = PBXGroup;
			children = (
				18CAB753168AC7DF000434DD /* UIKit.framework */,
				18CAB755168AC7DF000434DD /* Foundation.framework */,
				18CAB757168AC7DF000434DD /* CoreGraphics.framework */,
			);
			name = Frameworks;
			sourceTree = "<group>";
		};
		18CAB759168AC7DF000434DD /* Month */ = {
			isa = PBXGroup;
			children = (
				18CAB762168AC7DF000434DD /* MonthAppDelegate.h */,
				18CAB763168AC7DF000434DD /* MonthAppDelegate.m */,
				18CAB770168AC991000434DD /* MonthTableViewController.h */,
				18CAB771168AC991000434DD /* MonthTableViewController.m */,
				18CAB772168AC991000434DD /* MonthTableViewController.xib */,
				18CAB765168AC7DF000434DD /* MonthViewController.h */,
				18CAB766168AC7DF000434DD /* MonthViewController.m */,
				18CAB768168AC7DF000434DD /* MonthViewController.xib */,
				18B52569168C1FEF00E1CB58 /* MonthTableCell.xib */,
				18CAB779168AEE47000434DD /* Image */,
				18CAB75A168AC7DF000434DD /* Supporting Files */,
			);
			path = Month;
			sourceTree = "<group>";
		};
		18CAB75A168AC7DF000434DD /* Supporting Files */ = {
			isa = PBXGroup;
			children = (
				18CAB75B168AC7DF000434DD /* Month-Info.plist */,
				18CAB75C168AC7DF000434DD /* InfoPlist.strings */,
				18CAB75F168AC7DF000434DD /* main.m */,
				18CAB761168AC7DF000434DD /* Month-Prefix.pch */,
			);
			name = "Supporting Files";
			sourceTree = "<group>";
		};
		18CAB779168AEE47000434DD /* Image */ = {
			isa = PBXGroup;
			children = (
				18CAB77A168AF618000434DD /* 12.jpg */,
				18CAB77B168AF618000434DD /* 11.jpg */,
				18CAB77C168AF618000434DD /* 10.jpg */,
				18CAB77D168AF618000434DD /* 9.jpg */,
				18CAB77E168AF618000434DD /* 8.jpg */,
				18CAB77F168AF618000434DD /* 7.jpg */,
				18CAB780168AF618000434DD /* 6.jpg */,
				18CAB781168AF618000434DD /* 5.jpg */,
				18CAB782168AF618000434DD /* 4.jpg */,
				18CAB783168AF618000434DD /* 3.jpg */,
				18CAB784168AF618000434DD /* 1.jpg */,
				18CAB785168AF618000434DD /* 2.jpg */,
			);
			name = Image;
			sourceTree = "<group>";
		};
/* End PBXGroup section */

/* Begin PBXNativeTarget section */
		18CAB74E168AC7DF000434DD /* Month */ = {
			isa = PBXNativeTarget;
			buildConfigurationList = 18CAB76D168AC7DF000434DD /* Build configuration list for PBXNativeTarget "Month" */;
			buildPhases = (
				18CAB74B168AC7DF000434DD /* Sources */,
				18CAB74C168AC7DF000434DD /* Frameworks */,
				18CAB74D168AC7DF000434DD /* Resources */,
			);
			buildRules = (
			);
			dependencies = (
			);
			name = Month;
			productName = Month;
			productReference = 18CAB74F168AC7DF000434DD /* Month.app */;
			productType = "com.apple.product-type.application";
		};
/* End PBXNativeTarget section */

/* Begin PBXProject section */
		18CAB746168AC7DF000434DD /* Project object */ = {
			isa = PBXProject;
			attributes = {
				CLASSPREFIX = Month;
				LastUpgradeCheck = 0440;
				ORGANIZATIONNAME = Appleker;
			};
			buildConfigurationList = 18CAB749168AC7DF000434DD /* Build configuration list for PBXProject "Month" */;
			compatibilityVersion = "Xcode 3.2";
			developmentRegion = English;
			hasScannedForEncodings = 0;
			knownRegions = (
				en,
			);
			mainGroup = 18CAB744168AC7DF000434DD;
			productRefGroup = 18CAB750168AC7DF000434DD /* Products */;
			projectDirPath = "";
			projectRoot = "";
			targets = (
				18CAB74E168AC7DF000434DD /* Month */,
			);
		};
/* End PBXProject section */

/* Begin PBXResourcesBuildPhase section */
		18CAB74D168AC7DF000434DD /* Resources */ = {
			isa = PBXResourcesBuildPhase;
			buildActionMask = 2147483647;
			files = (
				18CAB75E168AC7DF000434DD /* InfoPlist.strings in Resources */,
				18CAB76A168AC7DF000434DD /* MonthViewController.xib in Resources */,
				18CAB774168AC991000434DD /* MonthTableViewController.xib in Resources */,
				18CAB786168AF618000434DD /* 12.jpg in Resources */,
				18CAB787168AF618000434DD /* 11.jpg in Resources */,
				18CAB788168AF618000434DD /* 10.jpg in Resources */,
				18CAB789168AF618000434DD /* 9.jpg in Resources */,
				18CAB78A168AF618000434DD /* 8.jpg in Resources */,
				18CAB78B168AF618000434DD /* 7.jpg in Resources */,
				18CAB78C168AF618000434DD /* 6.jpg in Resources */,
				18CAB78D168AF618000434DD /* 5.jpg in Resources */,
				18CAB78E168AF618000434DD /* 4.jpg in Resources */,
				18CAB78F168AF618000434DD /* 3.jpg in Resources */,
				18CAB790168AF618000434DD /* 1.jpg in Resources */,
				18CAB791168AF618000434DD /* 2.jpg in Resources */,
				18B5256A168C1FEF00E1CB58 /* MonthTableCell.xib in Resources */,
			);
			runOnlyForDeploymentPostprocessing = 0;
		};
/* End PBXResourcesBuildPhase section */

/* Begin PBXSourcesBuildPhase section */
		18CAB74B168AC7DF000434DD /* Sources */ = {
			isa = PBXSourcesBuildPhase;
			buildActionMask = 2147483647;
			files = (
				18CAB760168AC7DF000434DD /* main.m in Sources */,
				18CAB764168AC7DF000434DD /* MonthAppDelegate.m in Sources */,
				18CAB767168AC7DF000434DD /* MonthViewController.m in Sources */,
				18CAB773168AC991000434DD /* MonthTableViewController.m in Sources */,
			);
			runOnlyForDeploymentPostprocessing = 0;
		};
/* End PBXSourcesBuildPhase section */

/* Begin PBXVariantGroup section */
		18CAB75C168AC7DF000434DD /* InfoPlist.strings */ = {
			isa = PBXVariantGroup;
			children = (
				18CAB75D168AC7DF000434DD /* en */,
			);
			name = InfoPlist.strings;
			sourceTree = "<group>";
		};
		18CAB768168AC7DF000434DD /* MonthViewController.xib */ = {
			isa = PBXVariantGroup;
			children = (
				18CAB769168AC7DF000434DD /* en */,
			);
			name = MonthViewController.xib;
			sourceTree = "<group>";
		};
/* End PBXVariantGroup section */

/* Begin XCBuildConfiguration section */
		18CAB76B168AC7DF000434DD /* Debug */ = {
			isa = XCBuildConfiguration;
			buildSettings = {
				ALWAYS_SEARCH_USER_PATHS = NO;
				ARCHS = "$(ARCHS_STANDARD_32_BIT)";
				CLANG_CXX_LANGUAGE_STANDARD = "gnu++0x";
				CLANG_ENABLE_OBJC_ARC = YES;
				CLANG_WARN__DUPLICATE_METHOD_MATCH = YES;
				"CODE_SIGN_IDENTITY[sdk=iphoneos*]" = "iPhone Developer";
				COPY_PHASE_STRIP = NO;
				GCC_C_LANGUAGE_STANDARD = gnu99;
				GCC_DYNAMIC_NO_PIC = NO;
				GCC_OPTIMIZATION_LEVEL = 0;
				GCC_PREPROCESSOR_DEFINITIONS = (
					"DEBUG=1",
					"$(inherited)",
				);
				GCC_SYMBOLS_PRIVATE_EXTERN = NO;
				GCC_VERSION = com.apple.compilers.llvm.clang.1_0;
				GCC_WARN_ABOUT_RETURN_TYPE = YES;
				GCC_WARN_UNINITIALIZED_AUTOS = YES;
				GCC_WARN_UNUSED_VARIABLE = YES;
				IPHONEOS_DEPLOYMENT_TARGET = 5.1;
				SDKROOT = iphoneos;
			};
			name = Debug;
		};
		18CAB76C168AC7DF000434DD /* Release */ = {
			isa = XCBuildConfiguration;
			buildSettings = {
				ALWAYS_SEARCH_USER_PATHS = NO;
				ARCHS = "$(ARCHS_STANDARD_32_BIT)";
				CLANG_CXX_LANGUAGE_STANDARD = "gnu++0x";
				CLANG_ENABLE_OBJC_ARC = YES;
				CLANG_WARN__DUPLICATE_METHOD_MATCH = YES;
				"CODE_SIGN_IDENTITY[sdk=iphoneos*]" = "iPhone Developer";
				COPY_PHASE_STRIP = YES;
				GCC_C_LANGUAGE_STANDARD = gnu99;
				GCC_VERSION = com.apple.compilers.llvm.clang.1_0;
				GCC_WARN_ABOUT_RETURN_TYPE = YES;
				GCC_WARN_UNINITIALIZED_AUTOS = YES;
				GCC_WARN_UNUSED_VARIABLE = YES;
				IPHONEOS_DEPLOYMENT_TARGET = 5.1;
				OTHER_CFLAGS = "-DNS_BLOCK_ASSERTIONS=1";
				SDKROOT = iphoneos;
				VALIDATE_PRODUCT = YES;
			};
			name = Release;
		};
		18CAB76E168AC7DF000434DD /* Debug */ = {
			isa = XCBuildConfiguration;
			buildSettings = {
				GCC_PRECOMPILE_PREFIX_HEADER = YES;
				GCC_PREFIX_HEADER = "Month/Month-Prefix.pch";
				INFOPLIST_FILE = "Month/Month-Info.plist";
				PRODUCT_NAME = "$(TARGET_NAME)";
				WRAPPER_EXTENSION = app;
			};
			name = Debug;
		};
		18CAB76F168AC7DF000434DD /* Release */ = {
			isa = XCBuildConfiguration;
			buildSettings = {
				GCC_PRECOMPILE_PREFIX_HEADER = YES;
				GCC_PREFIX_HEADER = "Month/Month-Prefix.pch";
				INFOPLIST_FILE = "Month/Month-Info.plist";
				PRODUCT_NAME = "$(TARGET_NAME)";
				WRAPPER_EXTENSION = app;
			};
			name = Release;
		};
/* End XCBuildConfiguration section */

/* Begin XCConfigurationList section */
		18CAB749168AC7DF000434DD /* Build configuration list for PBXProject "Month" */ = {
			isa = XCConfigurationList;
			buildConfigurations = (
				18CAB76B168AC7DF000434DD /* Debug */,
				18CAB76C168AC7DF000434DD /* Release */,
			);
			defaultConfigurationIsVisible = 0;
			defaultConfigurationName = Release;
		};
		18CAB76D168AC7DF000434DD /* Build configuration list for PBXNativeTarget "Month" */ = {
			isa = XCConfigurationList;
			buildConfigurations = (
				18CAB76E168AC7DF000434DD /* Debug */,
				18CAB76F168AC7DF000434DD /* Release */,
			);
			defaultConfigurationIsVisible = 0;
			defaultConfigurationName = Release;
		};
/* End XCConfigurationList section */
	};
	rootObject = 18CAB746168AC7DF000434DD /* Project object */;
}
